// !$*UTF8*$!
{
	archiveVersion = 1;
	classes = {
	};
	objectVersion = 46;
	objects = {

/* Begin PBXBuildFile section */
		C90B4236195B0CBE003EA284 /* Foundation.framework in Frameworks */ = {isa = PBXBuildFile; fileRef = C90B4235195B0CBE003EA284 /* Foundation.framework */; };
		C90B4238195B0CBE003EA284 /* CoreGraphics.framework in Frameworks */ = {isa = PBXBuildFile; fileRef = C90B4237195B0CBE003EA284 /* CoreGraphics.framework */; };
		C90B423A195B0CBE003EA284 /* UIKit.framework in Frameworks */ = {isa = PBXBuildFile; fileRef = C90B4239195B0CBE003EA284 /* UIKit.framework */; };
		C90B4240195B0CBE003EA284 /* InfoPlist.strings in Resources */ = {isa = PBXBuildFile; fileRef = C90B423E195B0CBE003EA284 /* InfoPlist.strings */; };
		C90B4242195B0CBE003EA284 /* main.m in Sources */ = {isa = PBXBuildFile; fileRef = C90B4241195B0CBE003EA284 /* main.m */; };
		C90B4246195B0CBE003EA284 /* MJVAppDelegate.m in Sources */ = {isa = PBXBuildFile; fileRef = C90B4245195B0CBE003EA284 /* MJVAppDelegate.m */; };
		C90B4248195B0CBE003EA284 /* Images.xcassets in Resources */ = {isa = PBXBuildFile; fileRef = C90B4247195B0CBE003EA284 /* Images.xcassets */; };
		C90B424F195B0CBE003EA284 /* XCTest.framework in Frameworks */ = {isa = PBXBuildFile; fileRef = C90B424E195B0CBE003EA284 /* XCTest.framework */; };
		C90B4250195B0CBE003EA284 /* Foundation.framework in Frameworks */ = {isa = PBXBuildFile; fileRef = C90B4235195B0CBE003EA284 /* Foundation.framework */; };
		C90B4251195B0CBE003EA284 /* UIKit.framework in Frameworks */ = {isa = PBXBuildFile; fileRef = C90B4239195B0CBE003EA284 /* UIKit.framework */; };
		C90B4259195B0CBE003EA284 /* InfoPlist.strings in Resources */ = {isa = PBXBuildFile; fileRef = C90B4257195B0CBE003EA284 /* InfoPlist.strings */; };
		C90B425B195B0CBE003EA284 /* NetworkPracticeTests.m in Sources */ = {isa = PBXBuildFile; fileRef = C90B425A195B0CBE003EA284 /* NetworkPracticeTests.m */; };
		C90B4266195B0D09003EA284 /* MJVNetwork.m in Sources */ = {isa = PBXBuildFile; fileRef = C90B4265195B0D09003EA284 /* MJVNetwork.m */; };
		C90B4269195B6DFE003EA284 /* MJVAlbum.m in Sources */ = {isa = PBXBuildFile; fileRef = C90B4268195B6DFE003EA284 /* MJVAlbum.m */; };
		C91F699A19633973000C3959 /* NetworkPracticeTests-Info.plist in Resources */ = {isa = PBXBuildFile; fileRef = C90B4256195B0CBE003EA284 /* NetworkPracticeTests-Info.plist */; };
		C921B748196C9147009D0A6C /* create.json in Resources */ = {isa = PBXBuildFile; fileRef = C921B747196C9147009D0A6C /* create.json */; };
		C921B74A196D942B009D0A6C /* remove.json in Resources */ = {isa = PBXBuildFile; fileRef = C921B749196D942B009D0A6C /* remove.json */; };
		C921B74C196D945C009D0A6C /* fetch.json in Resources */ = {isa = PBXBuildFile; fileRef = C921B74B196D945C009D0A6C /* fetch.json */; };
		C921B74E196D948D009D0A6C /* update.json in Resources */ = {isa = PBXBuildFile; fileRef = C921B74D196D948D009D0A6C /* update.json */; };
		C9319D6219648AAE00166AA1 /* users.json in Resources */ = {isa = PBXBuildFile; fileRef = C9319D6119648AAE00166AA1 /* users.json */; };
		C9319D6719658B0A00166AA1 /* MJVMockDataProtocol.m in Sources */ = {isa = PBXBuildFile; fileRef = C9319D6619658B0A00166AA1 /* MJVMockDataProtocol.m */; };
/* End PBXBuildFile section */

/* Begin PBXContainerItemProxy section */
		C90B4252195B0CBE003EA284 /* PBXContainerItemProxy */ = {
			isa = PBXContainerItemProxy;
			containerPortal = C90B422A195B0CBE003EA284 /* Project object */;
			proxyType = 1;
			remoteGlobalIDString = C90B4231195B0CBE003EA284;
			remoteInfo = NetworkPractice;
		};
/* End PBXContainerItemProxy section */

/* Begin PBXFileReference section */
		C90B4232195B0CBE003EA284 /* NetworkPractice.app */ = {isa = PBXFileReference; explicitFileType = wrapper.application; includeInIndex = 0; path = NetworkPractice.app; sourceTree = BUILT_PRODUCTS_DIR; };
		C90B4235195B0CBE003EA284 /* Foundation.framework */ = {isa = PBXFileReference; lastKnownFileType = wrapper.framework; name = Foundation.framework; path = System/Library/Frameworks/Foundation.framework; sourceTree = SDKROOT; };
		C90B4237195B0CBE003EA284 /* CoreGraphics.framework */ = {isa = PBXFileReference; lastKnownFileType = wrapper.framework; name = CoreGraphics.framework; path = System/Library/Frameworks/CoreGraphics.framework; sourceTree = SDKROOT; };
		C90B4239195B0CBE003EA284 /* UIKit.framework */ = {isa = PBXFileReference; lastKnownFileType = wrapper.framework; name = UIKit.framework; path = System/Library/Frameworks/UIKit.framework; sourceTree = SDKROOT; };
		C90B423D195B0CBE003EA284 /* NetworkPractice-Info.plist */ = {isa = PBXFileReference; lastKnownFileType = text.plist.xml; path = "NetworkPractice-Info.plist"; sourceTree = "<group>"; };
		C90B423F195B0CBE003EA284 /* en */ = {isa = PBXFileReference; lastKnownFileType = text.plist.strings; name = en; path = en.lproj/InfoPlist.strings; sourceTree = "<group>"; };
		C90B4241195B0CBE003EA284 /* main.m */ = {isa = PBXFileReference; lastKnownFileType = sourcecode.c.objc; path = main.m; sourceTree = "<group>"; };
		C90B4243195B0CBE003EA284 /* NetworkPractice-Prefix.pch */ = {isa = PBXFileReference; lastKnownFileType = sourcecode.c.h; path = "NetworkPractice-Prefix.pch"; sourceTree = "<group>"; };
		C90B4244195B0CBE003EA284 /* MJVAppDelegate.h */ = {isa = PBXFileReference; lastKnownFileType = sourcecode.c.h; path = MJVAppDelegate.h; sourceTree = "<group>"; };
		C90B4245195B0CBE003EA284 /* MJVAppDelegate.m */ = {isa = PBXFileReference; lastKnownFileType = sourcecode.c.objc; path = MJVAppDelegate.m; sourceTree = "<group>"; };
		C90B4247195B0CBE003EA284 /* Images.xcassets */ = {isa = PBXFileReference; lastKnownFileType = folder.assetcatalog; path = Images.xcassets; sourceTree = "<group>"; };
		C90B424D195B0CBE003EA284 /* NetworkPracticeTests.xctest */ = {isa = PBXFileReference; explicitFileType = wrapper.cfbundle; includeInIndex = 0; path = NetworkPracticeTests.xctest; sourceTree = BUILT_PRODUCTS_DIR; };
		C90B424E195B0CBE003EA284 /* XCTest.framework */ = {isa = PBXFileReference; lastKnownFileType = wrapper.framework; name = XCTest.framework; path = Library/Frameworks/XCTest.framework; sourceTree = DEVELOPER_DIR; };
		C90B4256195B0CBE003EA284 /* NetworkPracticeTests-Info.plist */ = {isa = PBXFileReference; lastKnownFileType = text.plist.xml; path = "NetworkPracticeTests-Info.plist"; sourceTree = "<group>"; };
		C90B4258195B0CBE003EA284 /* en */ = {isa = PBXFileReference; lastKnownFileType = text.plist.strings; name = en; path = en.lproj/InfoPlist.strings; sourceTree = "<group>"; };
		C90B425A195B0CBE003EA284 /* NetworkPracticeTests.m */ = {isa = PBXFileReference; lastKnownFileType = sourcecode.c.objc; path = NetworkPracticeTests.m; sourceTree = "<group>"; };
		C90B4264195B0D09003EA284 /* MJVNetwork.h */ = {isa = PBXFileReference; fileEncoding = 4; lastKnownFileType = sourcecode.c.h; path = MJVNetwork.h; sourceTree = "<group>"; };
		C90B4265195B0D09003EA284 /* MJVNetwork.m */ = {isa = PBXFileReference; fileEncoding = 4; lastKnownFileType = sourcecode.c.objc; path = MJVNetwork.m; sourceTree = "<group>"; };
		C90B4267195B6DFE003EA284 /* MJVAlbum.h */ = {isa = PBXFileReference; fileEncoding = 4; lastKnownFileType = sourcecode.c.h; path = MJVAlbum.h; sourceTree = "<group>"; };
		C90B4268195B6DFE003EA284 /* MJVAlbum.m */ = {isa = PBXFileReference; fileEncoding = 4; lastKnownFileType = sourcecode.c.objc; path = MJVAlbum.m; sourceTree = "<group>"; };
		C921B747196C9147009D0A6C /* create.json */ = {isa = PBXFileReference; fileEncoding = 4; lastKnownFileType = text.json; path = create.json; sourceTree = "<group>"; };
		C921B749196D942B009D0A6C /* remove.json */ = {isa = PBXFileReference; fileEncoding = 4; lastKnownFileType = text.json; path = remove.json; sourceTree = "<group>"; };
		C921B74B196D945C009D0A6C /* fetch.json */ = {isa = PBXFileReference; fileEncoding = 4; lastKnownFileType = text.json; path = fetch.json; sourceTree = "<group>"; };
		C921B74D196D948D009D0A6C /* update.json */ = {isa = PBXFileReference; fileEncoding = 4; lastKnownFileType = text.json; path = update.json; sourceTree = "<group>"; };
		C9319D6119648AAE00166AA1 /* users.json */ = {isa = PBXFileReference; fileEncoding = 4; lastKnownFileType = text.json; path = users.json; sourceTree = "<group>"; };
		C9319D6519658B0A00166AA1 /* MJVMockDataProtocol.h */ = {isa = PBXFileReference; fileEncoding = 4; lastKnownFileType = sourcecode.c.h; path = MJVMockDataProtocol.h; sourceTree = "<group>"; };
		C9319D6619658B0A00166AA1 /* MJVMockDataProtocol.m */ = {isa = PBXFileReference; fileEncoding = 4; lastKnownFileType = sourcecode.c.objc; path = MJVMockDataProtocol.m; sourceTree = "<group>"; };
/* End PBXFileReference section */

/* Begin PBXFrameworksBuildPhase section */
		C90B422F195B0CBE003EA284 /* Frameworks */ = {
			isa = PBXFrameworksBuildPhase;
			buildActionMask = 2147483647;
			files = (
				C90B4238195B0CBE003EA284 /* CoreGraphics.framework in Frameworks */,
				C90B423A195B0CBE003EA284 /* UIKit.framework in Frameworks */,
				C90B4236195B0CBE003EA284 /* Foundation.framework in Frameworks */,
			);
			runOnlyForDeploymentPostprocessing = 0;
		};
		C90B424A195B0CBE003EA284 /* Frameworks */ = {
			isa = PBXFrameworksBuildPhase;
			buildActionMask = 2147483647;
			files = (
				C90B424F195B0CBE003EA284 /* XCTest.framework in Frameworks */,
				C90B4251195B0CBE003EA284 /* UIKit.framework in Frameworks */,
				C90B4250195B0CBE003EA284 /* Foundation.framework in Frameworks */,
			);
			runOnlyForDeploymentPostprocessing = 0;
		};
/* End PBXFrameworksBuildPhase section */

/* Begin PBXGroup section */
		C90B4229195B0CBE003EA284 = {
			isa = PBXGroup;
			children = (
				C90B423B195B0CBE003EA284 /* NetworkPractice */,
				C90B4254195B0CBE003EA284 /* NetworkPracticeTests */,
				C90B4234195B0CBE003EA284 /* Frameworks */,
				C90B4233195B0CBE003EA284 /* Products */,
			);
			sourceTree = "<group>";
		};
		C90B4233195B0CBE003EA284 /* Products */ = {
			isa = PBXGroup;
			children = (
				C90B4232195B0CBE003EA284 /* NetworkPractice.app */,
				C90B424D195B0CBE003EA284 /* NetworkPracticeTests.xctest */,
			);
			name = Products;
			sourceTree = "<group>";
		};
		C90B4234195B0CBE003EA284 /* Frameworks */ = {
			isa = PBXGroup;
			children = (
				C90B4235195B0CBE003EA284 /* Foundation.framework */,
				C90B4237195B0CBE003EA284 /* CoreGraphics.framework */,
				C90B4239195B0CBE003EA284 /* UIKit.framework */,
				C90B424E195B0CBE003EA284 /* XCTest.framework */,
			);
			name = Frameworks;
			sourceTree = "<group>";
		};
		C90B423B195B0CBE003EA284 /* NetworkPractice */ = {
			isa = PBXGroup;
			children = (
				C90B4267195B6DFE003EA284 /* MJVAlbum.h */,
				C90B4268195B6DFE003EA284 /* MJVAlbum.m */,
				C90B4264195B0D09003EA284 /* MJVNetwork.h */,
				C90B4265195B0D09003EA284 /* MJVNetwork.m */,
				C90B4244195B0CBE003EA284 /* MJVAppDelegate.h */,
				C90B4245195B0CBE003EA284 /* MJVAppDelegate.m */,
				C90B4247195B0CBE003EA284 /* Images.xcassets */,
				C90B423C195B0CBE003EA284 /* Supporting Files */,
			);
			path = NetworkPractice;
			sourceTree = "<group>";
		};
		C90B423C195B0CBE003EA284 /* Supporting Files */ = {
			isa = PBXGroup;
			children = (
				C90B423D195B0CBE003EA284 /* NetworkPractice-Info.plist */,
				C90B423E195B0CBE003EA284 /* InfoPlist.strings */,
				C90B4241195B0CBE003EA284 /* main.m */,
				C90B4243195B0CBE003EA284 /* NetworkPractice-Prefix.pch */,
			);
			name = "Supporting Files";
			sourceTree = "<group>";
		};
		C90B4254195B0CBE003EA284 /* NetworkPracticeTests */ = {
			isa = PBXGroup;
			children = (
				C90B425A195B0CBE003EA284 /* NetworkPracticeTests.m */,
				C9319D6519658B0A00166AA1 /* MJVMockDataProtocol.h */,
				C9319D6619658B0A00166AA1 /* MJVMockDataProtocol.m */,
				C90B4255195B0CBE003EA284 /* Supporting Files */,
			);
			path = NetworkPracticeTests;
			sourceTree = "<group>";
		};
		C90B4255195B0CBE003EA284 /* Supporting Files */ = {
			isa = PBXGroup;
			children = (
				C90B4256195B0CBE003EA284 /* NetworkPracticeTests-Info.plist */,
				C90B4257195B0CBE003EA284 /* InfoPlist.strings */,
				C9319D6119648AAE00166AA1 /* users.json */,
				C921B74B196D945C009D0A6C /* fetch.json */,
				C921B747196C9147009D0A6C /* create.json */,
				C921B74D196D948D009D0A6C /* update.json */,
				C921B749196D942B009D0A6C /* remove.json */,
			);
			name = "Supporting Files";
			sourceTree = "<group>";
		};
/* End PBXGroup section */

/* Begin PBXNativeTarget section */
		C90B4231195B0CBE003EA284 /* NetworkPractice */ = {
			isa = PBXNativeTarget;
			buildConfigurationList = C90B425E195B0CBE003EA284 /* Build configuration list for PBXNativeTarget "NetworkPractice" */;
			buildPhases = (
				C90B422E195B0CBE003EA284 /* Sources */,
				C90B422F195B0CBE003EA284 /* Frameworks */,
				C90B4230195B0CBE003EA284 /* Resources */,
			);
			buildRules = (
			);
			dependencies = (
			);
			name = NetworkPractice;
			productName = NetworkPractice;
			productReference = C90B4232195B0CBE003EA284 /* NetworkPractice.app */;
			productType = "com.apple.product-type.application";
		};
		C90B424C195B0CBE003EA284 /* NetworkPracticeTests */ = {
			isa = PBXNativeTarget;
			buildConfigurationList = C90B4261195B0CBE003EA284 /* Build configuration list for PBXNativeTarget "NetworkPracticeTests" */;
			buildPhases = (
				C90B4249195B0CBE003EA284 /* Sources */,
				C90B424A195B0CBE003EA284 /* Frameworks */,
				C90B424B195B0CBE003EA284 /* Resources */,
			);
			buildRules = (
			);
			dependencies = (
				C90B4253195B0CBE003EA284 /* PBXTargetDependency */,
			);
			name = NetworkPracticeTests;
			productName = NetworkPracticeTests;
			productReference = C90B424D195B0CBE003EA284 /* NetworkPracticeTests.xctest */;
			productType = "com.apple.product-type.bundle.unit-test";
		};
/* End PBXNativeTarget section */

/* Begin PBXProject section */
		C90B422A195B0CBE003EA284 /* Project object */ = {
			isa = PBXProject;
			attributes = {
				CLASSPREFIX = MJV;
				LastUpgradeCheck = 0510;
				ORGANIZATIONNAME = VOKAL;
				TargetAttributes = {
					C90B424C195B0CBE003EA284 = {
						TestTargetID = C90B4231195B0CBE003EA284;
					};
				};
			};
			buildConfigurationList = C90B422D195B0CBE003EA284 /* Build configuration list for PBXProject "NetworkPractice" */;
			compatibilityVersion = "Xcode 3.2";
			developmentRegion = English;
			hasScannedForEncodings = 0;
			knownRegions = (
				en,
			);
			mainGroup = C90B4229195B0CBE003EA284;
			productRefGroup = C90B4233195B0CBE003EA284 /* Products */;
			projectDirPath = "";
			projectRoot = "";
			targets = (
				C90B4231195B0CBE003EA284 /* NetworkPractice */,
				C90B424C195B0CBE003EA284 /* NetworkPracticeTests */,
			);
		};
/* End PBXProject section */

/* Begin PBXResourcesBuildPhase section */
		C90B4230195B0CBE003EA284 /* Resources */ = {
			isa = PBXResourcesBuildPhase;
			buildActionMask = 2147483647;
			files = (
				C90B4240195B0CBE003EA284 /* InfoPlist.strings in Resources */,
				C90B4248195B0CBE003EA284 /* Images.xcassets in Resources */,
			);
			runOnlyForDeploymentPostprocessing = 0;
		};
		C90B424B195B0CBE003EA284 /* Resources */ = {
			isa = PBXResourcesBuildPhase;
			buildActionMask = 2147483647;
			files = (
				C9319D6219648AAE00166AA1 /* users.json in Resources */,
				C921B74E196D948D009D0A6C /* update.json in Resources */,
				C91F699A19633973000C3959 /* NetworkPracticeTests-Info.plist in Resources */,
				C921B74C196D945C009D0A6C /* fetch.json in Resources */,
				C921B74A196D942B009D0A6C /* remove.json in Resources */,
				C90B4259195B0CBE003EA284 /* InfoPlist.strings in Resources */,
				C921B748196C9147009D0A6C /* create.json in Resources */,
			);
			runOnlyForDeploymentPostprocessing = 0;
		};
/* End PBXResourcesBuildPhase section */

/* Begin PBXSourcesBuildPhase section */
		C90B422E195B0CBE003EA284 /* Sources */ = {
			isa = PBXSourcesBuildPhase;
			buildActionMask = 2147483647;
			files = (
				C90B4246195B0CBE003EA284 /* MJVAppDelegate.m in Sources */,
				C90B4266195B0D09003EA284 /* MJVNetwork.m in Sources */,
				C90B4242195B0CBE003EA284 /* main.m in Sources */,
				C90B4269195B6DFE003EA284 /* MJVAlbum.m in Sources */,
			);
			runOnlyForDeploymentPostprocessing = 0;
		};
		C90B4249195B0CBE003EA284 /* Sources */ = {
			isa = PBXSourcesBuildPhase;
			buildActionMask = 2147483647;
			files = (
				C90B425B195B0CBE003EA284 /* NetworkPracticeTests.m in Sources */,
				C9319D6719658B0A00166AA1 /* MJVMockDataProtocol.m in Sources */,
			);
			runOnlyForDeploymentPostprocessing = 0;
		};
/* End PBXSourcesBuildPhase section */

/* Begin PBXTargetDependency section */
		C90B4253195B0CBE003EA284 /* PBXTargetDependency */ = {
			isa = PBXTargetDependency;
			target = C90B4231195B0CBE003EA284 /* NetworkPractice */;
			targetProxy = C90B4252195B0CBE003EA284 /* PBXContainerItemProxy */;
		};
/* End PBXTargetDependency section */

/* Begin PBXVariantGroup section */
		C90B423E195B0CBE003EA284 /* InfoPlist.strings */ = {
			isa = PBXVariantGroup;
			children = (
				C90B423F195B0CBE003EA284 /* en */,
			);
			name = InfoPlist.strings;
			sourceTree = "<group>";
		};
		C90B4257195B0CBE003EA284 /* InfoPlist.strings */ = {
			isa = PBXVariantGroup;
			children = (
				C90B4258195B0CBE003EA284 /* en */,
			);
			name = InfoPlist.strings;
			sourceTree = "<group>";
		};
/* End PBXVariantGroup section */

/* Begin XCBuildConfiguration section */
		C90B425C195B0CBE003EA284 /* Debug */ = {
			isa = XCBuildConfiguration;
			buildSettings = {
				ALWAYS_SEARCH_USER_PATHS = NO;
				CLANG_CXX_LANGUAGE_STANDARD = "gnu++0x";
				CLANG_CXX_LIBRARY = "libc++";
				CLANG_ENABLE_MODULES = YES;
				CLANG_ENABLE_OBJC_ARC = YES;
				CLANG_WARN_BOOL_CONVERSION = YES;
				CLANG_WARN_CONSTANT_CONVERSION = YES;
				CLANG_WARN_DIRECT_OBJC_ISA_USAGE = YES_ERROR;
				CLANG_WARN_EMPTY_BODY = YES;
				CLANG_WARN_ENUM_CONVERSION = YES;
				CLANG_WARN_INT_CONVERSION = YES;
				CLANG_WARN_OBJC_ROOT_CLASS = YES_ERROR;
				CLANG_WARN__DUPLICATE_METHOD_MATCH = YES;
				"CODE_SIGN_IDENTITY[sdk=iphoneos*]" = "iPhone Developer";
				COPY_PHASE_STRIP = NO;
				GCC_C_LANGUAGE_STANDARD = gnu99;
				GCC_DYNAMIC_NO_PIC = NO;
				GCC_OPTIMIZATION_LEVEL = 0;
				GCC_PREPROCESSOR_DEFINITIONS = (
					"DEBUG=1",
					"$(inherited)",
				);
				GCC_SYMBOLS_PRIVATE_EXTERN = NO;
				GCC_WARN_64_TO_32_BIT_CONVERSION = YES;
				GCC_WARN_ABOUT_RETURN_TYPE = YES_ERROR;
				GCC_WARN_UNDECLARED_SELECTOR = YES;
				GCC_WARN_UNINITIALIZED_AUTOS = YES_AGGRESSIVE;
				GCC_WARN_UNUSED_FUNCTION = YES;
				GCC_WARN_UNUSED_VARIABLE = YES;
				IPHONEOS_DEPLOYMENT_TARGET = 7.1;
				ONLY_ACTIVE_ARCH = YES;
				SDKROOT = iphoneos;
			};
			name = Debug;
		};
		C90B425D195B0CBE003EA284 /* Release */ = {
			isa = XCBuildConfiguration;
			buildSettings = {
				ALWAYS_SEARCH_USER_PATHS = NO;
				CLANG_CXX_LANGUAGE_STANDARD = "gnu++0x";
				CLANG_CXX_LIBRARY = "libc++";
				CLANG_ENABLE_MODULES = YES;
				CLANG_ENABLE_OBJC_ARC = YES;
				CLANG_WARN_BOOL_CONVERSION = YES;
				CLANG_WARN_CONSTANT_CONVERSION = YES;
				CLANG_WARN_DIRECT_OBJC_ISA_USAGE = YES_ERROR;
				CLANG_WARN_EMPTY_BODY = YES;
				CLANG_WARN_ENUM_CONVERSION = YES;
				CLANG_WARN_INT_CONVERSION = YES;
				CLANG_WARN_OBJC_ROOT_CLASS = YES_ERROR;
				CLANG_WARN__DUPLICATE_METHOD_MATCH = YES;
				"CODE_SIGN_IDENTITY[sdk=iphoneos*]" = "iPhone Developer";
				COPY_PHASE_STRIP = YES;
				ENABLE_NS_ASSERTIONS = NO;
				GCC_C_LANGUAGE_STANDARD = gnu99;
				GCC_WARN_64_TO_32_BIT_CONVERSION = YES;
				GCC_WARN_ABOUT_RETURN_TYPE = YES_ERROR;
				GCC_WARN_UNDECLARED_SELECTOR = YES;
				GCC_WARN_UNINITIALIZED_AUTOS = YES_AGGRESSIVE;
				GCC_WARN_UNUSED_FUNCTION = YES;
				GCC_WARN_UNUSED_VARIABLE = YES;
				IPHONEOS_DEPLOYMENT_TARGET = 7.1;
				SDKROOT = iphoneos;
				VALIDATE_PRODUCT = YES;
			};
			name = Release;
		};
		C90B425F195B0CBE003EA284 /* Debug */ = {
			isa = XCBuildConfiguration;
			buildSettings = {
				ASSETCATALOG_COMPILER_APPICON_NAME = AppIcon;
				ASSETCATALOG_COMPILER_LAUNCHIMAGE_NAME = LaunchImage;
				GCC_PRECOMPILE_PREFIX_HEADER = YES;
				GCC_PREFIX_HEADER = "NetworkPractice/NetworkPractice-Prefix.pch";
				INFOPLIST_FILE = "NetworkPractice/NetworkPractice-Info.plist";
				PRODUCT_NAME = "$(TARGET_NAME)";
				WRAPPER_EXTENSION = app;
			};
			name = Debug;
		};
		C90B4260195B0CBE003EA284 /* Release */ = {
			isa = XCBuildConfiguration;
			buildSettings = {
				ASSETCATALOG_COMPILER_APPICON_NAME = AppIcon;
				ASSETCATALOG_COMPILER_LAUNCHIMAGE_NAME = LaunchImage;
				GCC_PRECOMPILE_PREFIX_HEADER = YES;
				GCC_PREFIX_HEADER = "NetworkPractice/NetworkPractice-Prefix.pch";
				INFOPLIST_FILE = "NetworkPractice/NetworkPractice-Info.plist";
				PRODUCT_NAME = "$(TARGET_NAME)";
				WRAPPER_EXTENSION = app;
			};
			name = Release;
		};
		C90B4262195B0CBE003EA284 /* Debug */ = {
			isa = XCBuildConfiguration;
			buildSettings = {
				BUNDLE_LOADER = "$(BUILT_PRODUCTS_DIR)/NetworkPractice.app/NetworkPractice";
				FRAMEWORK_SEARCH_PATHS = (
					"$(SDKROOT)/Developer/Library/Frameworks",
					"$(inherited)",
					"$(DEVELOPER_FRAMEWORKS_DIR)",
				);
				GCC_PRECOMPILE_PREFIX_HEADER = YES;
				GCC_PREFIX_HEADER = "NetworkPractice/NetworkPractice-Prefix.pch";
				GCC_PREPROCESSOR_DEFINITIONS = (
					"DEBUG=1",
					"$(inherited)",
				);
				INFOPLIST_FILE = "NetworkPracticeTests/NetworkPracticeTests-Info.plist";
				PRODUCT_NAME = "$(TARGET_NAME)";
				TEST_HOST = "$(BUNDLE_LOADER)";
				WRAPPER_EXTENSION = xctest;
			};
			name = Debug;
		};
		C90B4263195B0CBE003EA284 /* Release */ = {
			isa = XCBuildConfiguration;
			buildSettings = {
				BUNDLE_LOADER = "$(BUILT_PRODUCTS_DIR)/NetworkPractice.app/NetworkPractice";
				FRAMEWORK_SEARCH_PATHS = (
					"$(SDKROOT)/Developer/Library/Frameworks",
					"$(inherited)",
					"$(DEVELOPER_FRAMEWORKS_DIR)",
				);
				GCC_PRECOMPILE_PREFIX_HEADER = YES;
				GCC_PREFIX_HEADER = "NetworkPractice/NetworkPractice-Prefix.pch";
				INFOPLIST_FILE = "NetworkPracticeTests/NetworkPracticeTests-Info.plist";
				PRODUCT_NAME = "$(TARGET_NAME)";
				TEST_HOST = "$(BUNDLE_LOADER)";
				WRAPPER_EXTENSION = xctest;
			};
			name = Release;
		};
/* End XCBuildConfiguration section */

/* Begin XCConfigurationList section */
		C90B422D195B0CBE003EA284 /* Build configuration list for PBXProject "NetworkPractice" */ = {
			isa = XCConfigurationList;
			buildConfigurations = (
				C90B425C195B0CBE003EA284 /* Debug */,
				C90B425D195B0CBE003EA284 /* Release */,
			);
			defaultConfigurationIsVisible = 0;
			defaultConfigurationName = Release;
		};
		C90B425E195B0CBE003EA284 /* Build configuration list for PBXNativeTarget "NetworkPractice" */ = {
			isa = XCConfigurationList;
			buildConfigurations = (
				C90B425F195B0CBE003EA284 /* Debug */,
				C90B4260195B0CBE003EA284 /* Release */,
			);
			defaultConfigurationIsVisible = 0;
			defaultConfigurationName = Release;
		};
		C90B4261195B0CBE003EA284 /* Build configuration list for PBXNativeTarget "NetworkPracticeTests" */ = {
			isa = XCConfigurationList;
			buildConfigurations = (
				C90B4262195B0CBE003EA284 /* Debug */,
				C90B4263195B0CBE003EA284 /* Release */,
			);
			defaultConfigurationIsVisible = 0;
			defaultConfigurationName = Release;
		};
/* End XCConfigurationList section */
	};
	rootObject = C90B422A195B0CBE003EA284 /* Project object */;
}
